
Microsoft Visual Studio Solution File, Format Version 12.00
# Visual Studio Version 16
VisualStudioVersion = 16.0.29926.136
MinimumVisualStudioVersion = 10.0.40219.1
Project("{FAE04EC0-301F-11D3-BF4B-00C04F79EFBC}") = "StockPickManagerMobile.Android", "StockPickManagerMobile\StockPickManagerMobile.Android\StockPickManagerMobile.Android.csproj", "{BD2208BB-4E77-4D17-A388-725B7136DD4C}"
EndProject
Project("{FAE04EC0-301F-11D3-BF4B-00C04F79EFBC}") = "StockPickManagerMobile.iOS", "StockPickManagerMobile\StockPickManagerMobile.iOS\StockPickManagerMobile.iOS.csproj", "{97D53B70-2F39-4736-BCEF-363C88247A84}"
EndProject
Project("{FAE04EC0-301F-11D3-BF4B-00C04F79EFBC}") = "StockPickManagerMobile", "StockPickManagerMobile\StockPickManagerMobile\StockPickManagerMobile.csproj", "{872DDAB3-9453-4692-8ABC-C9B49C9B67CC}"
EndProject
Global
	GlobalSection(SolutionConfigurationPlatforms) = preSolution
		Debug|Any CPU = Debug|Any CPU
		Debug|iPhone = Debug|iPhone
		Debug|iPhoneSimulator = Debug|iPhoneSimulator
		Release|Any CPU = Release|Any CPU
		Release|iPhone = Release|iPhone
		Release|iPhoneSimulator = Release|iPhoneSimulator
	EndGlobalSection
	GlobalSection(ProjectConfigurationPlatforms) = postSolution
		{BD2208BB-4E77-4D17-A388-725B7136DD4C}.Debug|Any CPU.ActiveCfg = Debug|Any CPU
		{BD2208BB-4E77-4D17-A388-725B7136DD4C}.Debug|Any CPU.Build.0 = Debug|Any CPU
		{BD2208BB-4E77-4D17-A388-725B7136DD4C}.Debug|Any CPU.Deploy.0 = Debug|Any CPU
		{BD2208BB-4E77-4D17-A388-725B7136DD4C}.Debug|iPhone.ActiveCfg = Debug|Any CPU
		{BD2208BB-4E77-4D17-A388-725B7136DD4C}.Debug|iPhone.Build.0 = Debug|Any CPU
		{BD2208BB-4E77-4D17-A388-725B7136DD4C}.Debug|iPhone.Deploy.0 = Debug|Any CPU
		{BD2208BB-4E77-4D17-A388-725B7136DD4C}.Debug|iPhoneSimulator.ActiveCfg = Debug|Any CPU
		{BD2208BB-4E77-4D17-A388-725B7136DD4C}.Debug|iPhoneSimulator.Build.0 = Debug|Any CPU
		{BD2208BB-4E77-4D17-A388-725B7136DD4C}.Debug|iPhoneSimulator.Deploy.0 = Debug|Any CPU
		{BD2208BB-4E77-4D17-A388-725B7136DD4C}.Release|Any CPU.ActiveCfg = Release|Any CPU
		{BD2208BB-4E77-4D17-A388-725B7136DD4C}.Release|Any CPU.Build.0 = Release|Any CPU
		{BD2208BB-4E77-4D17-A388-725B7136DD4C}.Release|Any CPU.Deploy.0 = Release|Any CPU
		{BD2208BB-4E77-4D17-A388-725B7136DD4C}.Release|iPhone.ActiveCfg = Release|Any CPU
		{BD2208BB-4E77-4D17-A388-725B7136DD4C}.Release|iPhone.Build.0 = Release|Any CPU
		{BD2208BB-4E77-4D17-A388-725B7136DD4C}.Release|iPhone.Deploy.0 = Release|Any CPU
		{BD2208BB-4E77-4D17-A388-725B7136DD4C}.Release|iPhoneSimulator.ActiveCfg = Release|Any CPU
		{BD2208BB-4E77-4D17-A388-725B7136DD4C}.Release|iPhoneSimulator.Build.0 = Release|Any CPU
		{BD2208BB-4E77-4D17-A388-725B7136DD4C}.Release|iPhoneSimulator.Deploy.0 = Release|Any CPU
		{97D53B70-2F39-4736-BCEF-363C88247A84}.Debug|Any CPU.ActiveCfg = Debug|iPhone
		{97D53B70-2F39-4736-BCEF-363C88247A84}.Debug|Any CPU.Build.0 = Debug|iPhone
		{97D53B70-2F39-4736-BCEF-363C88247A84}.Debug|Any CPU.Deploy.0 = Debug|iPhone
		{97D53B70-2F39-4736-BCEF-363C88247A84}.Debug|iPhone.ActiveCfg = Debug|iPhone
		{97D53B70-2F39-4736-BCEF-363C88247A84}.Debug|iPhone.Build.0 = Debug|iPhone
		{97D53B70-2F39-4736-BCEF-363C88247A84}.Debug|iPhone.Deploy.0 = Debug|iPhone
		{97D53B70-2F39-4736-BCEF-363C88247A84}.Debug|iPhoneSimulator.ActiveCfg = Debug|iPhoneSimulator
		{97D53B70-2F39-4736-BCEF-363C88247A84}.Debug|iPhoneSimulator.Build.0 = Debug|iPhoneSimulator
		{97D53B70-2F39-4736-BCEF-363C88247A84}.Debug|iPhoneSimulator.Deploy.0 = Debug|iPhoneSimulator
		{97D53B70-2F39-4736-BCEF-363C88247A84}.Release|Any CPU.ActiveCfg = Release|iPhone
		{97D53B70-2F39-4736-BCEF-363C88247A84}.Release|Any CPU.Build.0 = Release|iPhone
		{97D53B70-2F39-4736-BCEF-363C88247A84}.Release|Any CPU.Deploy.0 = Release|iPhone
		{97D53B70-2F39-4736-BCEF-363C88247A84}.Release|iPhone.ActiveCfg = Release|iPhone
		{97D53B70-2F39-4736-BCEF-363C88247A84}.Release|iPhone.Build.0 = Release|iPhone
		{97D53B70-2F39-4736-BCEF-363C88247A84}.Release|iPhone.Deploy.0 = Release|iPhone
		{97D53B70-2F39-4736-BCEF-363C88247A84}.Release|iPhoneSimulator.ActiveCfg = Release|iPhoneSimulator
		{97D53B70-2F39-4736-BCEF-363C88247A84}.Release|iPhoneSimulator.Build.0 = Release|iPhoneSimulator
		{97D53B70-2F39-4736-BCEF-363C88247A84}.Release|iPhoneSimulator.Deploy.0 = Release|iPhoneSimulator
		{872DDAB3-9453-4692-8ABC-C9B49C9B67CC}.Debug|Any CPU.ActiveCfg = Debug|Any CPU
		{872DDAB3-9453-4692-8ABC-C9B49C9B67CC}.Debug|Any CPU.Build.0 = Debug|Any CPU
		{872DDAB3-9453-4692-8ABC-C9B49C9B67CC}.Debug|Any CPU.Deploy.0 = Debug|Any CPU
		{872DDAB3-9453-4692-8ABC-C9B49C9B67CC}.Debug|iPhone.ActiveCfg = Debug|Any CPU
		{872DDAB3-9453-4692-8ABC-C9B49C9B67CC}.Debug|iPhone.Build.0 = Debug|Any CPU
		{872DDAB3-9453-4692-8ABC-C9B49C9B67CC}.Debug|iPhone.Deploy.0 = Debug|Any CPU
		{872DDAB3-9453-4692-8ABC-C9B49C9B67CC}.Debug|iPhoneSimulator.ActiveCfg = Debug|Any CPU
		{872DDAB3-9453-4692-8ABC-C9B49C9B67CC}.Debug|iPhoneSimulator.Build.0 = Debug|Any CPU
		{872DDAB3-9453-4692-8ABC-C9B49C9B67CC}.Debug|iPhoneSimulator.Deploy.0 = Debug|Any CPU
		{872DDAB3-9453-4692-8ABC-C9B49C9B67CC}.Release|Any CPU.ActiveCfg = Release|Any CPU
		{872DDAB3-9453-4692-8ABC-C9B49C9B67CC}.Release|Any CPU.Build.0 = Release|Any CPU
		{872DDAB3-9453-4692-8ABC-C9B49C9B67CC}.Release|Any CPU.Deploy.0 = Release|Any CPU
		{872DDAB3-9453-4692-8ABC-C9B49C9B67CC}.Release|iPhone.ActiveCfg = Release|Any CPU
		{872DDAB3-9453-4692-8ABC-C9B49C9B67CC}.Release|iPhone.Build.0 = Release|Any CPU
		{872DDAB3-9453-4692-8ABC-C9B49C9B67CC}.Release|iPhone.Deploy.0 = Release|Any CPU
		{872DDAB3-9453-4692-8ABC-C9B49C9B67CC}.Release|iPhoneSimulator.ActiveCfg = Release|Any CPU
		{872DDAB3-9453-4692-8ABC-C9B49C9B67CC}.Release|iPhoneSimulator.Build.0 = Release|Any CPU
		{872DDAB3-9453-4692-8ABC-C9B49C9B67CC}.Release|iPhoneSimulator.Deploy.0 = Release|Any CPU
	EndGlobalSection
	GlobalSection(SolutionProperties) = preSolution
		HideSolutionNode = FALSE
	EndGlobalSection
	GlobalSection(ExtensibilityGlobals) = postSolution
		SolutionGuid = {BF20EDEA-4B2C-4D28-9F90-A74400B8ED8F}
	EndGlobalSection
EndGlobal
